
Microsoft Visual Studio Solution File, Format Version 12.00
# Visual Studio Version 17
VisualStudioVersion = 17.4.33213.308
MinimumVisualStudioVersion = 10.0.40219.1
Project("{FAE04EC0-301F-11D3-BF4B-00C04F79EFBC}") = "Steam Skins", "Steam Skins\Steam Skins.csproj", "{4DCADA24-F40C-488B-ABB8-777CEAAA8298}"
EndProject
Global
	GlobalSection(SolutionConfigurationPlatforms) = preSolution
		Debug|ARM64 = Debug|ARM64
		Debug|x64 = Debug|x64
		Debug|x86 = Debug|x86
		Release|ARM64 = Release|ARM64
		Release|x64 = Release|x64
		Release|x86 = Release|x86
	EndGlobalSection
	GlobalSection(ProjectConfigurationPlatforms) = postSolution
		{4DCADA24-F40C-488B-ABB8-777CEAAA8298}.Debug|ARM64.ActiveCfg = Debug|ARM64
		{4DCADA24-F40C-488B-ABB8-777CEAAA8298}.Debug|ARM64.Build.0 = Debug|ARM64
		{4DCADA24-F40C-488B-ABB8-777CEAAA8298}.Debug|ARM64.Deploy.0 = Debug|ARM64
		{4DCADA24-F40C-488B-ABB8-777CEAAA8298}.Debug|x64.ActiveCfg = Debug|x64
		{4DCADA24-F40C-488B-ABB8-777CEAAA8298}.Debug|x64.Build.0 = Debug|x64
		{4DCADA24-F40C-488B-ABB8-777CEAAA8298}.Debug|x64.Deploy.0 = Debug|x64
		{4DCADA24-F40C-488B-ABB8-777CEAAA8298}.Debug|x86.ActiveCfg = Debug|x86
		{4DCADA24-F40C-488B-ABB8-777CEAAA8298}.Debug|x86.Build.0 = Debug|x86
		{4DCADA24-F40C-488B-ABB8-777CEAAA8298}.Debug|x86.Deploy.0 = Debug|x86
		{4DCADA24-F40C-488B-ABB8-777CEAAA8298}.Release|ARM64.ActiveCfg = Release|ARM64
		{4DCADA24-F40C-488B-ABB8-777CEAAA8298}.Release|ARM64.Build.0 = Release|ARM64
		{4DCADA24-F40C-488B-ABB8-777CEAAA8298}.Release|ARM64.Deploy.0 = Release|ARM64
		{4DCADA24-F40C-488B-ABB8-777CEAAA8298}.Release|x64.ActiveCfg = Release|x64
		{4DCADA24-F40C-488B-ABB8-777CEAAA8298}.Release|x64.Build.0 = Release|x64
		{4DCADA24-F40C-488B-ABB8-777CEAAA8298}.Release|x64.Deploy.0 = Release|x64
		{4DCADA24-F40C-488B-ABB8-777CEAAA8298}.Release|x86.ActiveCfg = Release|x86
		{4DCADA24-F40C-488B-ABB8-777CEAAA8298}.Release|x86.Build.0 = Release|x86
		{4DCADA24-F40C-488B-ABB8-777CEAAA8298}.Release|x86.Deploy.0 = Release|x86
	EndGlobalSection
	GlobalSection(SolutionProperties) = preSolution
		HideSolutionNode = FALSE
	EndGlobalSection
	GlobalSection(ExtensibilityGlobals) = postSolution
		SolutionGuid = {D9472858-655C-4255-8D47-DC775625DD07}
	EndGlobalSection
EndGlobal
